
Microsoft Visual Studio Solution File, Format Version 12.00
# Visual Studio Version 16
VisualStudioVersion = 16.0.30523.141
MinimumVisualStudioVersion = 10.0.40219.1
Project("{FAE04EC0-301F-11D3-BF4B-00C04F79EFBC}") = "form", "form\form.csproj", "{23F5BA9F-1A65-45A3-846D-66733F885811}"
EndProject
Global
	GlobalSection(SolutionConfigurationPlatforms) = preSolution
		Debug|Any CPU = Debug|Any CPU
		Release|Any CPU = Release|Any CPU
	EndGlobalSection
	GlobalSection(ProjectConfigurationPlatforms) = postSolution
		{23F5BA9F-1A65-45A3-846D-66733F885811}.Debug|Any CPU.ActiveCfg = Debug|Any CPU
		{23F5BA9F-1A65-45A3-846D-66733F885811}.Debug|Any CPU.Build.0 = Debug|Any CPU
		{23F5BA9F-1A65-45A3-846D-66733F885811}.Release|Any CPU.ActiveCfg = Release|Any CPU
		{23F5BA9F-1A65-45A3-846D-66733F885811}.Release|Any CPU.Build.0 = Release|Any CPU
	EndGlobalSection
	GlobalSection(SolutionProperties) = preSolution
		HideSolutionNode = FALSE
	EndGlobalSection
	GlobalSection(ExtensibilityGlobals) = postSolution
		SolutionGuid = {6612263C-008F-4FB9-9653-D4CA8E216EF7}
	EndGlobalSection
EndGlobal
